lockfileVersion: '9.0'

settings:
  autoInstallPeers: true
  excludeLinksFromLockfile: false

importers:

  .:
    dependencies:
      nakama-runtime:
        specifier: github:heroiclabs/nakama-common
        version: https://codeload.github.com/heroiclabs/nakama-common/tar.gz/b530f4e89fd6ec65b8bd87aeabb2bacaff0591c9
    devDependencies:
      typescript:
        specifier: ^4.9.5
        version: 4.9.5

packages:

  nakama-runtime@https://codeload.github.com/heroiclabs/nakama-common/tar.gz/b530f4e89fd6ec65b8bd87aeabb2bacaff0591c9:
    resolution: {tarball: https://codeload.github.com/heroiclabs/nakama-common/tar.gz/b530f4e89fd6ec65b8bd87aeabb2bacaff0591c9}
    version: 1.32.0

  typescript@4.9.5:
    resolution: {integrity: sha512-1FXk9E2Hm+QzZQ7z+McJiHL4NW1F2EzMu9Nq9i3zAaGqibafqYwCVU6WyWAuyQRRzOlxou8xZSyXLEN8oKj24g==}
    engines: {node: '>=4.2.0'}
    hasBin: true

snapshots:

  nakama-runtime@https://codeload.github.com/heroiclabs/nakama-common/tar.gz/b530f4e89fd6ec65b8bd87aeabb2bacaff0591c9: {}

  typescript@4.9.5: {}
